
Microsoft Visual Studio Solution File, Format Version 12.00
# Visual Studio Version 17
VisualStudioVersion = 17.9.34723.18
MinimumVisualStudioVersion = 10.0.40219.1
Project("{FAE04EC0-301F-11D3-BF4B-00C04F79EFBC}") = "dotnet_predict_weather.Server", "dotnet_predict_weather.Server\dotnet_predict_weather.Server.csproj", "{3BA45B51-4D7E-4D5E-A11F-3EF4CB641A20}"
EndProject
Project("{54A90642-561A-4BB1-A94E-469ADEE60C69}") = "dotnet_predict_weather.client", "dotnet_predict_weather.client\dotnet_predict_weather.client.esproj", "{CA75EF71-B732-46CD-8E9D-0EEF606BA8A3}"
EndProject
Global
	GlobalSection(SolutionConfigurationPlatforms) = preSolution
		Debug|Any CPU = Debug|Any CPU
		Release|Any CPU = Release|Any CPU
	EndGlobalSection
	GlobalSection(ProjectConfigurationPlatforms) = postSolution
		{3BA45B51-4D7E-4D5E-A11F-3EF4CB641A20}.Debug|Any CPU.ActiveCfg = Debug|Any CPU
		{3BA45B51-4D7E-4D5E-A11F-3EF4CB641A20}.Debug|Any CPU.Build.0 = Debug|Any CPU
		{3BA45B51-4D7E-4D5E-A11F-3EF4CB641A20}.Release|Any CPU.ActiveCfg = Release|Any CPU
		{3BA45B51-4D7E-4D5E-A11F-3EF4CB641A20}.Release|Any CPU.Build.0 = Release|Any CPU
		{CA75EF71-B732-46CD-8E9D-0EEF606BA8A3}.Debug|Any CPU.ActiveCfg = Debug|Any CPU
		{CA75EF71-B732-46CD-8E9D-0EEF606BA8A3}.Debug|Any CPU.Build.0 = Debug|Any CPU
		{CA75EF71-B732-46CD-8E9D-0EEF606BA8A3}.Debug|Any CPU.Deploy.0 = Debug|Any CPU
		{CA75EF71-B732-46CD-8E9D-0EEF606BA8A3}.Release|Any CPU.ActiveCfg = Release|Any CPU
		{CA75EF71-B732-46CD-8E9D-0EEF606BA8A3}.Release|Any CPU.Build.0 = Release|Any CPU
		{CA75EF71-B732-46CD-8E9D-0EEF606BA8A3}.Release|Any CPU.Deploy.0 = Release|Any CPU
	EndGlobalSection
	GlobalSection(SolutionProperties) = preSolution
		HideSolutionNode = FALSE
	EndGlobalSection
	GlobalSection(ExtensibilityGlobals) = postSolution
		SolutionGuid = {38E43885-B384-4098-8465-C861CC2C2D56}
	EndGlobalSection
EndGlobal
